
Microsoft Visual Studio Solution File, Format Version 12.00
# Visual Studio Version 17
VisualStudioVersion = 17.1.32421.90
MinimumVisualStudioVersion = 10.0.40219.1
Project("{FAE04EC0-301F-11D3-BF4B-00C04F79EFBC}") = "EncDec", "EncDec\EncDec.csproj", "{31334F3B-0F04-45CC-885B-496B5491DD3A}"
EndProject
Global
	GlobalSection(SolutionConfigurationPlatforms) = preSolution
		Debug|Any CPU = Debug|Any CPU
		Release|Any CPU = Release|Any CPU
	EndGlobalSection
	GlobalSection(ProjectConfigurationPlatforms) = postSolution
		{31334F3B-0F04-45CC-885B-496B5491DD3A}.Debug|Any CPU.ActiveCfg = Debug|Any CPU
		{31334F3B-0F04-45CC-885B-496B5491DD3A}.Debug|Any CPU.Build.0 = Debug|Any CPU
		{31334F3B-0F04-45CC-885B-496B5491DD3A}.Release|Any CPU.ActiveCfg = Release|Any CPU
		{31334F3B-0F04-45CC-885B-496B5491DD3A}.Release|Any CPU.Build.0 = Release|Any CPU
	EndGlobalSection
	GlobalSection(SolutionProperties) = preSolution
		HideSolutionNode = FALSE
	EndGlobalSection
	GlobalSection(ExtensibilityGlobals) = postSolution
		SolutionGuid = {25D18055-953C-4EF3-9A66-BF55C9998336}
	EndGlobalSection
EndGlobal
