
Microsoft Visual Studio Solution File, Format Version 12.00
# Visual Studio Version 16
VisualStudioVersion = 16.0.32228.343
MinimumVisualStudioVersion = 10.0.40219.1
Project("{FAE04EC0-301F-11D3-BF4B-00C04F79EFBC}") = "Lab02_20520605_VoAnhKiet", "Lab02_20520605_VoAnhKiet\Lab02_20520605_VoAnhKiet.csproj", "{F5FE5AFF-A0E8-4A79-B07A-C82EE48EA138}"
EndProject
Global
	GlobalSection(SolutionConfigurationPlatforms) = preSolution
		Debug|Any CPU = Debug|Any CPU
		Release|Any CPU = Release|Any CPU
	EndGlobalSection
	GlobalSection(ProjectConfigurationPlatforms) = postSolution
		{F5FE5AFF-A0E8-4A79-B07A-C82EE48EA138}.Debug|Any CPU.ActiveCfg = Debug|Any CPU
		{F5FE5AFF-A0E8-4A79-B07A-C82EE48EA138}.Debug|Any CPU.Build.0 = Debug|Any CPU
		{F5FE5AFF-A0E8-4A79-B07A-C82EE48EA138}.Release|Any CPU.ActiveCfg = Release|Any CPU
		{F5FE5AFF-A0E8-4A79-B07A-C82EE48EA138}.Release|Any CPU.Build.0 = Release|Any CPU
	EndGlobalSection
	GlobalSection(SolutionProperties) = preSolution
		HideSolutionNode = FALSE
	EndGlobalSection
	GlobalSection(ExtensibilityGlobals) = postSolution
		SolutionGuid = {63E310FC-AD8B-45BF-8504-69758D20399E}
	EndGlobalSection
EndGlobal
